
Microsoft Visual Studio Solution File, Format Version 12.00
# Visual Studio 15
VisualStudioVersion = 15.0.26124.0
MinimumVisualStudioVersion = 15.0.26124.0
Project("{FAE04EC0-301F-11D3-BF4B-00C04F79EFBC}") = "AdventOfCodeSolutions", "AdventOfCodeSolutions\AdventOfCodeSolutions.csproj", "{B656B181-E2CB-4A0A-8990-0CEF8D53E902}"
EndProject
Project("{FAE04EC0-301F-11D3-BF4B-00C04F79EFBC}") = "AdventOfCodeTests", "AdventOfCodeTests\AdventOfCodeTests.csproj", "{8055FC48-B6EA-427A-B8BC-EE95D4BEDD4C}"
EndProject
Global
	GlobalSection(SolutionConfigurationPlatforms) = preSolution
		Debug|Any CPU = Debug|Any CPU
		Debug|x64 = Debug|x64
		Debug|x86 = Debug|x86
		Release|Any CPU = Release|Any CPU
		Release|x64 = Release|x64
		Release|x86 = Release|x86
	EndGlobalSection
	GlobalSection(SolutionProperties) = preSolution
		HideSolutionNode = FALSE
	EndGlobalSection
	GlobalSection(ProjectConfigurationPlatforms) = postSolution
		{B656B181-E2CB-4A0A-8990-0CEF8D53E902}.Debug|Any CPU.ActiveCfg = Debug|Any CPU
		{B656B181-E2CB-4A0A-8990-0CEF8D53E902}.Debug|Any CPU.Build.0 = Debug|Any CPU
		{B656B181-E2CB-4A0A-8990-0CEF8D53E902}.Debug|x64.ActiveCfg = Debug|Any CPU
		{B656B181-E2CB-4A0A-8990-0CEF8D53E902}.Debug|x64.Build.0 = Debug|Any CPU
		{B656B181-E2CB-4A0A-8990-0CEF8D53E902}.Debug|x86.ActiveCfg = Debug|Any CPU
		{B656B181-E2CB-4A0A-8990-0CEF8D53E902}.Debug|x86.Build.0 = Debug|Any CPU
		{B656B181-E2CB-4A0A-8990-0CEF8D53E902}.Release|Any CPU.ActiveCfg = Release|Any CPU
		{B656B181-E2CB-4A0A-8990-0CEF8D53E902}.Release|Any CPU.Build.0 = Release|Any CPU
		{B656B181-E2CB-4A0A-8990-0CEF8D53E902}.Release|x64.ActiveCfg = Release|Any CPU
		{B656B181-E2CB-4A0A-8990-0CEF8D53E902}.Release|x64.Build.0 = Release|Any CPU
		{B656B181-E2CB-4A0A-8990-0CEF8D53E902}.Release|x86.ActiveCfg = Release|Any CPU
		{B656B181-E2CB-4A0A-8990-0CEF8D53E902}.Release|x86.Build.0 = Release|Any CPU
		{8055FC48-B6EA-427A-B8BC-EE95D4BEDD4C}.Debug|Any CPU.ActiveCfg = Debug|Any CPU
		{8055FC48-B6EA-427A-B8BC-EE95D4BEDD4C}.Debug|Any CPU.Build.0 = Debug|Any CPU
		{8055FC48-B6EA-427A-B8BC-EE95D4BEDD4C}.Debug|x64.ActiveCfg = Debug|Any CPU
		{8055FC48-B6EA-427A-B8BC-EE95D4BEDD4C}.Debug|x64.Build.0 = Debug|Any CPU
		{8055FC48-B6EA-427A-B8BC-EE95D4BEDD4C}.Debug|x86.ActiveCfg = Debug|Any CPU
		{8055FC48-B6EA-427A-B8BC-EE95D4BEDD4C}.Debug|x86.Build.0 = Debug|Any CPU
		{8055FC48-B6EA-427A-B8BC-EE95D4BEDD4C}.Release|Any CPU.ActiveCfg = Release|Any CPU
		{8055FC48-B6EA-427A-B8BC-EE95D4BEDD4C}.Release|Any CPU.Build.0 = Release|Any CPU
		{8055FC48-B6EA-427A-B8BC-EE95D4BEDD4C}.Release|x64.ActiveCfg = Release|Any CPU
		{8055FC48-B6EA-427A-B8BC-EE95D4BEDD4C}.Release|x64.Build.0 = Release|Any CPU
		{8055FC48-B6EA-427A-B8BC-EE95D4BEDD4C}.Release|x86.ActiveCfg = Release|Any CPU
		{8055FC48-B6EA-427A-B8BC-EE95D4BEDD4C}.Release|x86.Build.0 = Release|Any CPU
	EndGlobalSection
EndGlobal
